// !$*UTF8*$!
{
	archiveVersion = 1;
	classes = {
	};
	objectVersion = 77;
	objects = {

/* Begin PBXBuildFile section */
		AABB00060000000000000006 /* MLXLLM in Frameworks */ = {isa = PBXBuildFile; productRef = AABB00030000000000000003 /* MLXLLM */; };
		AABB00070000000000000007 /* MLXLMCommon in Frameworks */ = {isa = PBXBuildFile; productRef = AABB00040000000000000004 /* MLXLMCommon */; };
		AABB00080000000000000008 /* Transformers in Frameworks */ = {isa = PBXBuildFile; productRef = AABB00050000000000000005 /* Transformers */; };
		AABB00090000000000000009 /* Hub in Frameworks */ = {isa = PBXBuildFile; productRef = AABB000A000000000000000A /* Hub */; };
/* End PBXBuildFile section */

/* Begin PBXContainerItemProxy section */
		71B0B7912FD387ED0082B928 /* PBXContainerItemProxy */ = {
			isa = PBXContainerItemProxy;
			containerPortal = 71B0B7772FD387EC0082B928 /* Project object */;
			proxyType = 1;
			remoteGlobalIDString = 71B0B77E2FD387EC0082B928;
			remoteInfo = Onyx;
		};
		71B0B79B2FD387ED0082B928 /* PBXContainerItemProxy */ = {
			isa = PBXContainerItemProxy;
			containerPortal = 71B0B7772FD387EC0082B928 /* Project object */;
			proxyType = 1;
			remoteGlobalIDString = 71B0B77E2FD387EC0082B928;
			remoteInfo = Onyx;
		};
/* End PBXContainerItemProxy section */

/* Begin PBXFileReference section */
		71B0B77F2FD387EC0082B928 /* Onyx.app */ = {isa = PBXFileReference; explicitFileType = wrapper.application; includeInIndex = 0; path = Onyx.app; sourceTree = BUILT_PRODUCTS_DIR; };
		71B0B7902FD387ED0082B928 /* OnyxTests.xctest */ = {isa = PBXFileReference; explicitFileType = wrapper.cfbundle; includeInIndex = 0; path = OnyxTests.xctest; sourceTree = BUILT_PRODUCTS_DIR; };
		71B0B79A2FD387ED0082B928 /* OnyxUITests.xctest */ = {isa = PBXFileReference; explicitFileType = wrapper.cfbundle; includeInIndex = 0; path = OnyxUITests.xctest; sourceTree = BUILT_PRODUCTS_DIR; };
/* End PBXFileReference section */

/* Begin PBXFileSystemSynchronizedBuildFileExceptionSet section */
		71B0B7A22FD387ED0082B928 /* Exceptions for "Onyx" folder in "Onyx" target */ = {
			isa = PBXFileSystemSynchronizedBuildFileExceptionSet;
			membershipExceptions = (
				Info.plist,
			);
			target = 71B0B77E2FD387EC0082B928 /* Onyx */;
		};
/* End PBXFileSystemSynchronizedBuildFileExceptionSet section */

/* Begin PBXFileSystemSynchronizedRootGroup section */
		71B0B7812FD387EC0082B928 /* Onyx */ = {
			isa = PBXFileSystemSynchronizedRootGroup;
			exceptions = (
				71B0B7A22FD387ED0082B928 /* Exceptions for "Onyx" folder in "Onyx" target */,
			);
			path = Onyx;
			sourceTree = "<group>";
		};
		71B0B7932FD387ED0082B928 /* OnyxTests */ = {
			isa = PBXFileSystemSynchronizedRootGroup;
			path = OnyxTests;
			sourceTree = "<group>";
		};
		71B0B79D2FD387ED0082B928 /* OnyxUITests */ = {
			isa = PBXFileSystemSynchronizedRootGroup;
			path = OnyxUITests;
			sourceTree = "<group>";
		};
/* End PBXFileSystemSynchronizedRootGroup section */

/* Begin PBXFrameworksBuildPhase section */
		71B0B77C2FD387EC0082B928 /* Frameworks */ = {
			isa = PBXFrameworksBuildPhase;
			buildActionMask = 2147483647;
			files = (
				AABB00060000000000000006 /* MLXLLM in Frameworks */,
				AABB00070000000000000007 /* MLXLMCommon in Frameworks */,
				AABB00080000000000000008 /* Transformers in Frameworks */,
				AABB00090000000000000009 /* Hub in Frameworks */,
			);
			runOnlyForDeploymentPostprocessing = 0;
		};
		71B0B78D2FD387ED0082B928 /* Frameworks */ = {
			isa = PBXFrameworksBuildPhase;
			buildActionMask = 2147483647;
			files = (
			);
			runOnlyForDeploymentPostprocessing = 0;
		};
		71B0B7972FD387ED0082B928 /* Frameworks */ = {
			isa = PBXFrameworksBuildPhase;
			buildActionMask = 2147483647;
			files = (
			);
			runOnlyForDeploymentPostprocessing = 0;
		};
/* End PBXFrameworksBuildPhase section */

/* Begin PBXGroup section */
		71B0B7762FD387EC0082B928 = {
			isa = PBXGroup;
			children = (
				71B0B7812FD387EC0082B928 /* Onyx */,
				71B0B7932FD387ED0082B928 /* OnyxTests */,
				71B0B79D2FD387ED0082B928 /* OnyxUITests */,
				71B0B7802FD387EC0082B928 /* Products */,
			);
			sourceTree = "<group>";
		};
		71B0B7802FD387EC0082B928 /* Products */ = {
			isa = PBXGroup;
			children = (
				71B0B77F2FD387EC0082B928 /* Onyx.app */,
				71B0B7902FD387ED0082B928 /* OnyxTests.xctest */,
				71B0B79A2FD387ED0082B928 /* OnyxUITests.xctest */,
			);
			name = Products;
			sourceTree = "<group>";
		};
/* End PBXGroup section */

/* Begin PBXNativeTarget section */
		71B0B77E2FD387EC0082B928 /* Onyx */ = {
			isa = PBXNativeTarget;
			buildConfigurationList = 71B0B7A32FD387ED0082B928 /* Build configuration list for PBXNativeTarget "Onyx" */;
			buildPhases = (
				71B0B77B2FD387EC0082B928 /* Sources */,
				71B0B77C2FD387EC0082B928 /* Frameworks */,
				71B0B77D2FD387EC0082B928 /* Resources */,
			);
			buildRules = (
			);
			dependencies = (
			);
			fileSystemSynchronizedGroups = (
				71B0B7812FD387EC0082B928 /* Onyx */,
			);
			name = Onyx;
			packageProductDependencies = (
				AABB00030000000000000003 /* MLXLLM */,
				AABB00040000000000000004 /* MLXLMCommon */,
				AABB00050000000000000005 /* Transformers */,
				AABB000A000000000000000A /* Hub */,
			);
			productName = Onyx;
			productReference = 71B0B77F2FD387EC0082B928 /* Onyx.app */;
			productType = "com.apple.product-type.application";
		};
		71B0B78F2FD387ED0082B928 /* OnyxTests */ = {
			isa = PBXNativeTarget;
			buildConfigurationList = 71B0B7A82FD387ED0082B928 /* Build configuration list for PBXNativeTarget "OnyxTests" */;
			buildPhases = (
				71B0B78C2FD387ED0082B928 /* Sources */,
				71B0B78D2FD387ED0082B928 /* Frameworks */,
				71B0B78E2FD387ED0082B928 /* Resources */,
			);
			buildRules = (
			);
			dependencies = (
				71B0B7922FD387ED0082B928 /* PBXTargetDependency */,
			);
			fileSystemSynchronizedGroups = (
				71B0B7932FD387ED0082B928 /* OnyxTests */,
			);
			name = OnyxTests;
			packageProductDependencies = (
			);
			productName = OnyxTests;
			productReference = 71B0B7902FD387ED0082B928 /* OnyxTests.xctest */;
			productType = "com.apple.product-type.bundle.unit-test";
		};
		71B0B7992FD387ED0082B928 /* OnyxUITests */ = {
			isa = PBXNativeTarget;
			buildConfigurationList = 71B0B7AB2FD387ED0082B928 /* Build configuration list for PBXNativeTarget "OnyxUITests" */;
			buildPhases = (
				71B0B7962FD387ED0082B928 /* Sources */,
				71B0B7972FD387ED0082B928 /* Frameworks */,
				71B0B7982FD387ED0082B928 /* Resources */,
			);
			buildRules = (
			);
			dependencies = (
				71B0B79C2FD387ED0082B928 /* PBXTargetDependency */,
			);
			fileSystemSynchronizedGroups = (
				71B0B79D2FD387ED0082B928 /* OnyxUITests */,
			);
			name = OnyxUITests;
			packageProductDependencies = (
			);
			productName = OnyxUITests;
			productReference = 71B0B79A2FD387ED0082B928 /* OnyxUITests.xctest */;
			productType = "com.apple.product-type.bundle.ui-testing";
		};
/* End PBXNativeTarget section */

/* Begin PBXProject section */
		71B0B7772FD387EC0082B928 /* Project object */ = {
			isa = PBXProject;
			attributes = {
				BuildIndependentTargetsInParallel = 1;
				LastSwiftUpdateCheck = 2650;
				LastUpgradeCheck = 2650;
				TargetAttributes = {
					71B0B77E2FD387EC0082B928 = {
						CreatedOnToolsVersion = 26.5;
					};
					71B0B78F2FD387ED0082B928 = {
						CreatedOnToolsVersion = 26.5;
						TestTargetID = 71B0B77E2FD387EC0082B928;
					};
					71B0B7992FD387ED0082B928 = {
						CreatedOnToolsVersion = 26.5;
						TestTargetID = 71B0B77E2FD387EC0082B928;
					};
				};
			};
			buildConfigurationList = 71B0B77A2FD387EC0082B928 /* Build configuration list for PBXProject "Onyx" */;
			developmentRegion = en;
			hasScannedForEncodings = 0;
			knownRegions = (
				en,
				Base,
			);
			mainGroup = 71B0B7762FD387EC0082B928;
			minimizedProjectReferenceProxies = 1;
			packageReferences = (
				AABB00010000000000000001 /* XCRemoteSwiftPackageReference "mlx-swift-lm" */,
				AABB00020000000000000002 /* XCRemoteSwiftPackageReference "swift-transformers" */,
			);
			preferredProjectObjectVersion = 77;
			productRefGroup = 71B0B7802FD387EC0082B928 /* Products */;
			projectDirPath = "";
			projectRoot = "";
			targets = (
				71B0B77E2FD387EC0082B928 /* Onyx */,
				71B0B78F2FD387ED0082B928 /* OnyxTests */,
				71B0B7992FD387ED0082B928 /* OnyxUITests */,
			);
		};
/* End PBXProject section */

/* Begin PBXResourcesBuildPhase section */
		71B0B77D2FD387EC0082B928 /* Resources */ = {
			isa = PBXResourcesBuildPhase;
			buildActionMask = 2147483647;
			files = (
			);
			runOnlyForDeploymentPostprocessing = 0;
		};
		71B0B78E2FD387ED0082B928 /* Resources */ = {
			isa = PBXResourcesBuildPhase;
			buildActionMask = 2147483647;
			files = (
			);
			runOnlyForDeploymentPostprocessing = 0;
		};
		71B0B7982FD387ED0082B928 /* Resources */ = {
			isa = PBXResourcesBuildPhase;
			buildActionMask = 2147483647;
			files = (
			);
			runOnlyForDeploymentPostprocessing = 0;
		};
/* End PBXResourcesBuildPhase section */

/* Begin PBXSourcesBuildPhase section */
		71B0B77B2FD387EC0082B928 /* Sources */ = {
			isa = PBXSourcesBuildPhase;
			buildActionMask = 2147483647;
			files = (
			);
			runOnlyForDeploymentPostprocessing = 0;
		};
		71B0B78C2FD387ED0082B928 /* Sources */ = {
			isa = PBXSourcesBuildPhase;
			buildActionMask = 2147483647;
			files = (
			);
			runOnlyForDeploymentPostprocessing = 0;
		};
		71B0B7962FD387ED0082B928 /* Sources */ = {
			isa = PBXSourcesBuildPhase;
			buildActionMask = 2147483647;
			files = (
			);
			runOnlyForDeploymentPostprocessing = 0;
		};
/* End PBXSourcesBuildPhase section */

/* Begin PBXTargetDependency section */
		71B0B7922FD387ED0082B928 /* PBXTargetDependency */ = {
			isa = PBXTargetDependency;
			target = 71B0B77E2FD387EC0082B928 /* Onyx */;
			targetProxy = 71B0B7912FD387ED0082B928 /* PBXContainerItemProxy */;
		};
		71B0B79C2FD387ED0082B928 /* PBXTargetDependency */ = {
			isa = PBXTargetDependency;
			target = 71B0B77E2FD387EC0082B928 /* Onyx */;
			targetProxy = 71B0B79B2FD387ED0082B928 /* PBXContainerItemProxy */;
		};
/* End PBXTargetDependency section */

/* Begin XCBuildConfiguration section */
		71B0B7A42FD387ED0082B928 /* Debug */ = {
			isa = XCBuildConfiguration;
			buildSettings = {
				ASSETCATALOG_COMPILER_APPICON_NAME = AppIcon;
				ASSETCATALOG_COMPILER_GLOBAL_ACCENT_COLOR_NAME = AccentColor;
				CODE_SIGN_ENTITLEMENTS = Onyx/Onyx.entitlements;
				CODE_SIGN_STYLE = Automatic;
				CURRENT_PROJECT_VERSION = 1;
				DEVELOPMENT_TEAM = AWD2L2KGYG;
				ENABLE_PREVIEWS = YES;
				GENERATE_INFOPLIST_FILE = YES;
				INFOPLIST_FILE = Onyx/Info.plist;
				INFOPLIST_KEY_CFBundleDisplayName = "Project Onyx ";
				INFOPLIST_KEY_LSApplicationCategoryType = "public.app-category.entertainment";
				INFOPLIST_KEY_UIApplicationSceneManifest_Generation = YES;
				INFOPLIST_KEY_UIApplicationSupportsIndirectInputEvents = YES;
				INFOPLIST_KEY_UILaunchScreen_Generation = YES;
				INFOPLIST_KEY_UISupportedInterfaceOrientations_iPad = "UIInterfaceOrientationPortrait UIInterfaceOrientationPortraitUpsideDown UIInterfaceOrientationLandscapeLeft UIInterfaceOrientationLandscapeRight";
				INFOPLIST_KEY_UISupportedInterfaceOrientations_iPhone = "UIInterfaceOrientationPortrait UIInterfaceOrientationLandscapeLeft UIInterfaceOrientationLandscapeRight";
				LD_RUNPATH_SEARCH_PATHS = (
					"$(inherited)",
					"@executable_path/Frameworks",
				);
				MARKETING_VERSION = 0.1;
				PRODUCT_BUNDLE_IDENTIFIER = wassam.Onyx;
				PRODUCT_NAME = "$(TARGET_NAME)";
				STRING_CATALOG_GENERATE_SYMBOLS = YES;
				SWIFT_APPROACHABLE_CONCURRENCY = YES;
				SWIFT_DEFAULT_ACTOR_ISOLATION = MainActor;
				SWIFT_EMIT_LOC_STRINGS = YES;
				SWIFT_UPCOMING_FEATURE_MEMBER_IMPORT_VISIBILITY = YES;
				SWIFT_VERSION = 5.0;
				TARGETED_DEVICE_FAMILY = "1,2";
			};
			name = Debug;
		};
		71B0B7A52FD387ED0082B928 /* Release */ = {
			isa = XCBuildConfiguration;
			buildSettings = {
				ASSETCATALOG_COMPILER_APPICON_NAME = AppIcon;
				ASSETCATALOG_COMPILER_GLOBAL_ACCENT_COLOR_NAME = AccentColor;
				CODE_SIGN_ENTITLEMENTS = Onyx/Onyx.entitlements;
				CODE_SIGN_STYLE = Automatic;
				CURRENT_PROJECT_VERSION = 1;
				DEVELOPMENT_TEAM = AWD2L2KGYG;
				ENABLE_PREVIEWS = YES;
				GENERATE_INFOPLIST_FILE = YES;
				INFOPLIST_FILE = Onyx/Info.plist;
				INFOPLIST_KEY_CFBundleDisplayName = "Project Onyx ";
				INFOPLIST_KEY_LSApplicationCategoryType = "public.app-category.entertainment";
				INFOPLIST_KEY_UIApplicationSceneManifest_Generation = YES;
				INFOPLIST_KEY_UIApplicationSupportsIndirectInputEvents = YES;
				INFOPLIST_KEY_UILaunchScreen_Generation = YES;
				INFOPLIST_KEY_UISupportedInterfaceOrientations_iPad = "UIInterfaceOrientationPortrait UIInterfaceOrientationPortraitUpsideDown UIInterfaceOrientationLandscapeLeft UIInterfaceOrientationLandscapeRight";
				INFOPLIST_KEY_UISupportedInterfaceOrientations_iPhone = "UIInterfaceOrientationPortrait UIInterfaceOrientationLandscapeLeft UIInterfaceOrientationLandscapeRight";
				LD_RUNPATH_SEARCH_PATHS = (
					"$(inherited)",
					"@executable_path/Frameworks",
				);
				MARKETING_VERSION = 0.1;
				PRODUCT_BUNDLE_IDENTIFIER = wassam.Onyx;
				PRODUCT_NAME = "$(TARGET_NAME)";
				STRING_CATALOG_GENERATE_SYMBOLS = YES;
				SWIFT_APPROACHABLE_CONCURRENCY = YES;
				SWIFT_DEFAULT_ACTOR_ISOLATION = MainActor;
				SWIFT_EMIT_LOC_STRINGS = YES;
				SWIFT_UPCOMING_FEATURE_MEMBER_IMPORT_VISIBILITY = YES;
				SWIFT_VERSION = 5.0;
				TARGETED_DEVICE_FAMILY = "1,2";
			};
			name = Release;
		};
		71B0B7A62FD387ED0082B928 /* Debug */ = {
			isa = XCBuildConfiguration;
			buildSettings = {
				ALWAYS_SEARCH_USER_PATHS = NO;
				ASSETCATALOG_COMPILER_GENERATE_SWIFT_ASSET_SYMBOL_EXTENSIONS = YES;
				CLANG_ANALYZER_NONNULL = YES;
				CLANG_ANALYZER_NUMBER_OBJECT_CONVERSION = YES_AGGRESSIVE;
				CLANG_CXX_LANGUAGE_STANDARD = "gnu++20";
				CLANG_ENABLE_MODULES = YES;
				CLANG_ENABLE_OBJC_ARC = YES;
				CLANG_ENABLE_OBJC_WEAK = YES;
				CLANG_WARN_BLOCK_CAPTURE_AUTORELEASING = YES;
				CLANG_WARN_BOOL_CONVERSION = YES;
				CLANG_WARN_COMMA = YES;
				CLANG_WARN_CONSTANT_CONVERSION = YES;
				CLANG_WARN_DEPRECATED_OBJC_IMPLEMENTATIONS = YES;
				CLANG_WARN_DIRECT_OBJC_ISA_USAGE = YES_ERROR;
				CLANG_WARN_DOCUMENTATION_COMMENTS = YES;
				CLANG_WARN_EMPTY_BODY = YES;
				CLANG_WARN_ENUM_CONVERSION = YES;
				CLANG_WARN_INFINITE_RECURSION = YES;
				CLANG_WARN_INT_CONVERSION = YES;
				CLANG_WARN_NON_LITERAL_NULL_CONVERSION = YES;
				CLANG_WARN_OBJC_IMPLICIT_RETAIN_SELF = YES;
				CLANG_WARN_OBJC_LITERAL_CONVERSION = YES;
				CLANG_WARN_OBJC_ROOT_CLASS = YES_ERROR;
				CLANG_WARN_QUOTED_INCLUDE_IN_FRAMEWORK_HEADER = YES;
				CLANG_WARN_RANGE_LOOP_ANALYSIS = YES;
				CLANG_WARN_STRICT_PROTOTYPES = YES;
				CLANG_WARN_SUSPICIOUS_MOVE = YES;
				CLANG_WARN_UNGUARDED_AVAILABILITY = YES_AGGRESSIVE;
				CLANG_WARN_UNREACHABLE_CODE = YES;
				CLANG_WARN__DUPLICATE_METHOD_MATCH = YES;
				COPY_PHASE_STRIP = NO;
				DEBUG_INFORMATION_FORMAT = dwarf;
				DEVELOPMENT_TEAM = VVH38B9225;
				ENABLE_STRICT_OBJC_MSGSEND = YES;
				ENABLE_TESTABILITY = YES;
				ENABLE_USER_SCRIPT_SANDBOXING = YES;
				GCC_C_LANGUAGE_STANDARD = gnu17;
				GCC_DYNAMIC_NO_PIC = NO;
				GCC_NO_COMMON_BLOCKS = YES;
				GCC_OPTIMIZATION_LEVEL = 0;
				GCC_PREPROCESSOR_DEFINITIONS = (
					"DEBUG=1",
					"$(inherited)",
				);
				GCC_WARN_64_TO_32_BIT_CONVERSION = YES;
				GCC_WARN_ABOUT_RETURN_TYPE = YES_ERROR;
				GCC_WARN_UNDECLARED_SELECTOR = YES;
				GCC_WARN_UNINITIALIZED_AUTOS = YES_AGGRESSIVE;
				GCC_WARN_UNUSED_FUNCTION = YES;
				GCC_WARN_UNUSED_VARIABLE = YES;
				IPHONEOS_DEPLOYMENT_TARGET = 17.0;
				LOCALIZATION_PREFERS_STRING_CATALOGS = YES;
				MTL_ENABLE_DEBUG_INFO = INCLUDE_SOURCE;
				MTL_FAST_MATH = YES;
				ONLY_ACTIVE_ARCH = YES;
				SDKROOT = iphoneos;
				SWIFT_ACTIVE_COMPILATION_CONDITIONS = "DEBUG $(inherited)";
				SWIFT_OPTIMIZATION_LEVEL = "-Onone";
			};
			name = Debug;
		};
		71B0B7A72FD387ED0082B928 /* Release */ = {
			isa = XCBuildConfiguration;
			buildSettings = {
				ALWAYS_SEARCH_USER_PATHS = NO;
				ASSETCATALOG_COMPILER_GENERATE_SWIFT_ASSET_SYMBOL_EXTENSIONS = YES;
				CLANG_ANALYZER_NONNULL = YES;
				CLANG_ANALYZER_NUMBER_OBJECT_CONVERSION = YES_AGGRESSIVE;
				CLANG_CXX_LANGUAGE_STANDARD = "gnu++20";
				CLANG_ENABLE_MODULES = YES;
				CLANG_ENABLE_OBJC_ARC = YES;
				CLANG_ENABLE_OBJC_WEAK = YES;
				CLANG_WARN_BLOCK_CAPTURE_AUTORELEASING = YES;
				CLANG_WARN_BOOL_CONVERSION = YES;
				CLANG_WARN_COMMA = YES;
				CLANG_WARN_CONSTANT_CONVERSION = YES;
				CLANG_WARN_DEPRECATED_OBJC_IMPLEMENTATIONS = YES;
				CLANG_WARN_DIRECT_OBJC_ISA_USAGE = YES_ERROR;
				CLANG_WARN_DOCUMENTATION_COMMENTS = YES;
				CLANG_WARN_EMPTY_BODY = YES;
				CLANG_WARN_ENUM_CONVERSION = YES;
				CLANG_WARN_INFINITE_RECURSION = YES;
				CLANG_WARN_INT_CONVERSION = YES;
				CLANG_WARN_NON_LITERAL_NULL_CONVERSION = YES;
				CLANG_WARN_OBJC_IMPLICIT_RETAIN_SELF = YES;
				CLANG_WARN_OBJC_LITERAL_CONVERSION = YES;
				CLANG_WARN_OBJC_ROOT_CLASS = YES_ERROR;
				CLANG_WARN_QUOTED_INCLUDE_IN_FRAMEWORK_HEADER = YES;
				CLANG_WARN_RANGE_LOOP_ANALYSIS = YES;
				CLANG_WARN_STRICT_PROTOTYPES = YES;
				CLANG_WARN_SUSPICIOUS_MOVE = YES;
				CLANG_WARN_UNGUARDED_AVAILABILITY = YES_AGGRESSIVE;
				CLANG_WARN_UNREACHABLE_CODE = YES;
				CLANG_WARN__DUPLICATE_METHOD_MATCH = YES;
				COPY_PHASE_STRIP = NO;
				DEBUG_INFORMATION_FORMAT = "dwarf-with-dsym";
				DEVELOPMENT_TEAM = VVH38B9225;
				ENABLE_NS_ASSERTIONS = NO;
				ENABLE_STRICT_OBJC_MSGSEND = YES;
				ENABLE_USER_SCRIPT_SANDBOXING = YES;
				GCC_C_LANGUAGE_STANDARD = gnu17;
				GCC_NO_COMMON_BLOCKS = YES;
				GCC_WARN_64_TO_32_BIT_CONVERSION = YES;
				GCC_WARN_ABOUT_RETURN_TYPE = YES_ERROR;
				GCC_WARN_UNDECLARED_SELECTOR = YES;
				GCC_WARN_UNINITIALIZED_AUTOS = YES_AGGRESSIVE;
				GCC_WARN_UNUSED_FUNCTION = YES;
				GCC_WARN_UNUSED_VARIABLE = YES;
				IPHONEOS_DEPLOYMENT_TARGET = 17.0;
				LOCALIZATION_PREFERS_STRING_CATALOGS = YES;
				MTL_ENABLE_DEBUG_INFO = NO;
				MTL_FAST_MATH = YES;
				SDKROOT = iphoneos;
				SWIFT_COMPILATION_MODE = wholemodule;
				VALIDATE_PRODUCT = YES;
			};
			name = Release;
		};
		71B0B7A92FD387ED0082B928 /* Debug */ = {
			isa = XCBuildConfiguration;
			buildSettings = {
				BUNDLE_LOADER = "$(TEST_HOST)";
				CODE_SIGN_STYLE = Automatic;
				CURRENT_PROJECT_VERSION = 1;
				DEVELOPMENT_TEAM = AWD2L2KGYG;
				GENERATE_INFOPLIST_FILE = YES;
				IPHONEOS_DEPLOYMENT_TARGET = 17.0;
				MARKETING_VERSION = 0.1;
				PRODUCT_BUNDLE_IDENTIFIER = wassam.OnyxTests;
				PRODUCT_NAME = "$(TARGET_NAME)";
				STRING_CATALOG_GENERATE_SYMBOLS = NO;
				SWIFT_APPROACHABLE_CONCURRENCY = YES;
				SWIFT_EMIT_LOC_STRINGS = NO;
				SWIFT_UPCOMING_FEATURE_MEMBER_IMPORT_VISIBILITY = YES;
				SWIFT_VERSION = 5.0;
				TARGETED_DEVICE_FAMILY = "1,2";
				TEST_HOST = "$(BUILT_PRODUCTS_DIR)/Onyx.app/$(BUNDLE_EXECUTABLE_FOLDER_PATH)/Onyx";
			};
			name = Debug;
		};
		71B0B7AA2FD387ED0082B928 /* Release */ = {
			isa = XCBuildConfiguration;
			buildSettings = {
				BUNDLE_LOADER = "$(TEST_HOST)";
				CODE_SIGN_STYLE = Automatic;
				CURRENT_PROJECT_VERSION = 1;
				DEVELOPMENT_TEAM = AWD2L2KGYG;
				GENERATE_INFOPLIST_FILE = YES;
				IPHONEOS_DEPLOYMENT_TARGET = 17.0;
				MARKETING_VERSION = 0.1;
				PRODUCT_BUNDLE_IDENTIFIER = wassam.OnyxTests;
				PRODUCT_NAME = "$(TARGET_NAME)";
				STRING_CATALOG_GENERATE_SYMBOLS = NO;
				SWIFT_APPROACHABLE_CONCURRENCY = YES;
				SWIFT_EMIT_LOC_STRINGS = NO;
				SWIFT_UPCOMING_FEATURE_MEMBER_IMPORT_VISIBILITY = YES;
				SWIFT_VERSION = 5.0;
				TARGETED_DEVICE_FAMILY = "1,2";
				TEST_HOST = "$(BUILT_PRODUCTS_DIR)/Onyx.app/$(BUNDLE_EXECUTABLE_FOLDER_PATH)/Onyx";
			};
			name = Release;
		};
		71B0B7AC2FD387ED0082B928 /* Debug */ = {
			isa = XCBuildConfiguration;
			buildSettings = {
				CODE_SIGN_STYLE = Automatic;
				CURRENT_PROJECT_VERSION = 1;
				DEVELOPMENT_TEAM = AWD2L2KGYG;
				GENERATE_INFOPLIST_FILE = YES;
				MARKETING_VERSION = 0.1;
				PRODUCT_BUNDLE_IDENTIFIER = wassam.OnyxUITests;
				PRODUCT_NAME = "$(TARGET_NAME)";
				STRING_CATALOG_GENERATE_SYMBOLS = NO;
				SWIFT_APPROACHABLE_CONCURRENCY = YES;
				SWIFT_EMIT_LOC_STRINGS = NO;
				SWIFT_UPCOMING_FEATURE_MEMBER_IMPORT_VISIBILITY = YES;
				SWIFT_VERSION = 5.0;
				TARGETED_DEVICE_FAMILY = "1,2";
				TEST_TARGET_NAME = Onyx;
			};
			name = Debug;
		};
		71B0B7AD2FD387ED0082B928 /* Release */ = {
			isa = XCBuildConfiguration;
			buildSettings = {
				CODE_SIGN_STYLE = Automatic;
				CURRENT_PROJECT_VERSION = 1;
				DEVELOPMENT_TEAM = AWD2L2KGYG;
				GENERATE_INFOPLIST_FILE = YES;
				MARKETING_VERSION = 0.1;
				PRODUCT_BUNDLE_IDENTIFIER = wassam.OnyxUITests;
				PRODUCT_NAME = "$(TARGET_NAME)";
				STRING_CATALOG_GENERATE_SYMBOLS = NO;
				SWIFT_APPROACHABLE_CONCURRENCY = YES;
				SWIFT_EMIT_LOC_STRINGS = NO;
				SWIFT_UPCOMING_FEATURE_MEMBER_IMPORT_VISIBILITY = YES;
				SWIFT_VERSION = 5.0;
				TARGETED_DEVICE_FAMILY = "1,2";
				TEST_TARGET_NAME = Onyx;
			};
			name = Release;
		};
/* End XCBuildConfiguration section */

/* Begin XCConfigurationList section */
		71B0B77A2FD387EC0082B928 /* Build configuration list for PBXProject "Onyx" */ = {
			isa = XCConfigurationList;
			buildConfigurations = (
				71B0B7A62FD387ED0082B928 /* Debug */,
				71B0B7A72FD387ED0082B928 /* Release */,
			);
			defaultConfigurationIsVisible = 0;
			defaultConfigurationName = Release;
		};
		71B0B7A32FD387ED0082B928 /* Build configuration list for PBXNativeTarget "Onyx" */ = {
			isa = XCConfigurationList;
			buildConfigurations = (
				71B0B7A42FD387ED0082B928 /* Debug */,
				71B0B7A52FD387ED0082B928 /* Release */,
			);
			defaultConfigurationIsVisible = 0;
			defaultConfigurationName = Release;
		};
		71B0B7A82FD387ED0082B928 /* Build configuration list for PBXNativeTarget "OnyxTests" */ = {
			isa = XCConfigurationList;
			buildConfigurations = (
				71B0B7A92FD387ED0082B928 /* Debug */,
				71B0B7AA2FD387ED0082B928 /* Release */,
			);
			defaultConfigurationIsVisible = 0;
			defaultConfigurationName = Release;
		};
		71B0B7AB2FD387ED0082B928 /* Build configuration list for PBXNativeTarget "OnyxUITests" */ = {
			isa = XCConfigurationList;
			buildConfigurations = (
				71B0B7AC2FD387ED0082B928 /* Debug */,
				71B0B7AD2FD387ED0082B928 /* Release */,
			);
			defaultConfigurationIsVisible = 0;
			defaultConfigurationName = Release;
		};
/* End XCConfigurationList section */

/* Begin XCRemoteSwiftPackageReference section */
		AABB00010000000000000001 /* XCRemoteSwiftPackageReference "mlx-swift-lm" */ = {
			isa = XCRemoteSwiftPackageReference;
			repositoryURL = "https://github.com/ml-explore/mlx-swift-lm.git";
			requirement = {
				kind = upToNextMajorVersion;
				minimumVersion = 3.31.3;
			};
		};
		AABB00020000000000000002 /* XCRemoteSwiftPackageReference "swift-transformers" */ = {
			isa = XCRemoteSwiftPackageReference;
			repositoryURL = "https://github.com/huggingface/swift-transformers.git";
			requirement = {
				kind = upToNextMajorVersion;
				minimumVersion = 1.3.0;
			};
			traits = (
			);
		};
/* End XCRemoteSwiftPackageReference section */

/* Begin XCSwiftPackageProductDependency section */
		AABB00030000000000000003 /* MLXLLM */ = {
			isa = XCSwiftPackageProductDependency;
			package = AABB00010000000000000001 /* XCRemoteSwiftPackageReference "mlx-swift-lm" */;
			productName = MLXLLM;
		};
		AABB00040000000000000004 /* MLXLMCommon */ = {
			isa = XCSwiftPackageProductDependency;
			package = AABB00010000000000000001 /* XCRemoteSwiftPackageReference "mlx-swift-lm" */;
			productName = MLXLMCommon;
		};
		AABB00050000000000000005 /* Transformers */ = {
			isa = XCSwiftPackageProductDependency;
			package = AABB00020000000000000002 /* XCRemoteSwiftPackageReference "swift-transformers" */;
			productName = Transformers;
		};
		AABB000A000000000000000A /* Hub */ = {
			isa = XCSwiftPackageProductDependency;
			package = AABB00020000000000000002 /* XCRemoteSwiftPackageReference "swift-transformers" */;
			productName = Hub;
		};
/* End XCSwiftPackageProductDependency section */
	};
	rootObject = 71B0B7772FD387EC0082B928 /* Project object */;
}
